
Microsoft Visual Studio Solution File, Format Version 12.00
# Visual Studio Version 17
VisualStudioVersion = 17.2.32526.322
MinimumVisualStudioVersion = 10.0.40219.1
Project("{FAE04EC0-301F-11D3-BF4B-00C04F79EFBC}") = "ProjetoWEB", "ProjetoWEB\ProjetoWEB.csproj", "{08E525B3-BD21-4AC8-B152-6C905273A267}"
EndProject
Global
	GlobalSection(SolutionConfigurationPlatforms) = preSolution
		Debug|Any CPU = Debug|Any CPU
		Release|Any CPU = Release|Any CPU
	EndGlobalSection
	GlobalSection(ProjectConfigurationPlatforms) = postSolution
		{08E525B3-BD21-4AC8-B152-6C905273A267}.Debug|Any CPU.ActiveCfg = Debug|Any CPU
		{08E525B3-BD21-4AC8-B152-6C905273A267}.Debug|Any CPU.Build.0 = Debug|Any CPU
		{08E525B3-BD21-4AC8-B152-6C905273A267}.Release|Any CPU.ActiveCfg = Release|Any CPU
		{08E525B3-BD21-4AC8-B152-6C905273A267}.Release|Any CPU.Build.0 = Release|Any CPU
	EndGlobalSection
	GlobalSection(SolutionProperties) = preSolution
		HideSolutionNode = FALSE
	EndGlobalSection
	GlobalSection(ExtensibilityGlobals) = postSolution
		SolutionGuid = {EB1DE6A0-A9A0-4C21-BD5D-8D6DA5AF8EBF}
	EndGlobalSection
EndGlobal
